// !$*UTF8*$!
{
	archiveVersion = 1;
	classes = {
	};
	objectVersion = 50;
	objects = {

/* Begin PBXBuildFile section */
		24E5C08234C95007B2347B05 /* Pods_day_7.framework in Frameworks */ = {isa = PBXBuildFile; fileRef = 1E941A754CC087A5273D171B /* Pods_day_7.framework */; };
		689AEB7C25B34A4A00339F0E /* AppDelegate.swift in Sources */ = {isa = PBXBuildFile; fileRef = 689AEB7B25B34A4A00339F0E /* AppDelegate.swift */; };
		689AEB7E25B34A4A00339F0E /* SceneDelegate.swift in Sources */ = {isa = PBXBuildFile; fileRef = 689AEB7D25B34A4A00339F0E /* SceneDelegate.swift */; };
		689AEB8025B34A4B00339F0E /* ViewController.swift in Sources */ = {isa = PBXBuildFile; fileRef = 689AEB7F25B34A4A00339F0E /* ViewController.swift */; };
		689AEB8325B34A4B00339F0E /* Main.storyboard in Resources */ = {isa = PBXBuildFile; fileRef = 689AEB8125B34A4B00339F0E /* Main.storyboard */; };
		689AEB8525B34A4F00339F0E /* Assets.xcassets in Resources */ = {isa = PBXBuildFile; fileRef = 689AEB8425B34A4F00339F0E /* Assets.xcassets */; };
		689AEB8825B34A4F00339F0E /* LaunchScreen.storyboard in Resources */ = {isa = PBXBuildFile; fileRef = 689AEB8625B34A4F00339F0E /* LaunchScreen.storyboard */; };
		689AEB9125B353DC00339F0E /* Home.swift in Sources */ = {isa = PBXBuildFile; fileRef = 689AEB9025B353DC00339F0E /* Home.swift */; };
		689AEB9425B353F100339F0E /* Product.swift in Sources */ = {isa = PBXBuildFile; fileRef = 689AEB9325B353F100339F0E /* Product.swift */; };
		689AEB9725B3540100339F0E /* Settings.swift in Sources */ = {isa = PBXBuildFile; fileRef = 689AEB9625B3540100339F0E /* Settings.swift */; };
/* End PBXBuildFile section */

/* Begin PBXFileReference section */
		1E941A754CC087A5273D171B /* Pods_day_7.framework */ = {isa = PBXFileReference; explicitFileType = wrapper.framework; includeInIndex = 0; path = Pods_day_7.framework; sourceTree = BUILT_PRODUCTS_DIR; };
		689AEB7825B34A4A00339F0E /* day-7.app */ = {isa = PBXFileReference; explicitFileType = wrapper.application; includeInIndex = 0; path = "day-7.app"; sourceTree = BUILT_PRODUCTS_DIR; };
		689AEB7B25B34A4A00339F0E /* AppDelegate.swift */ = {isa = PBXFileReference; lastKnownFileType = sourcecode.swift; path = AppDelegate.swift; sourceTree = "<group>"; };
		689AEB7D25B34A4A00339F0E /* SceneDelegate.swift */ = {isa = PBXFileReference; lastKnownFileType = sourcecode.swift; path = SceneDelegate.swift; sourceTree = "<group>"; };
		689AEB7F25B34A4A00339F0E /* ViewController.swift */ = {isa = PBXFileReference; lastKnownFileType = sourcecode.swift; path = ViewController.swift; sourceTree = "<group>"; };
		689AEB8225B34A4B00339F0E /* Base */ = {isa = PBXFileReference; lastKnownFileType = file.storyboard; name = Base; path = Base.lproj/Main.storyboard; sourceTree = "<group>"; };
		689AEB8425B34A4F00339F0E /* Assets.xcassets */ = {isa = PBXFileReference; lastKnownFileType = folder.assetcatalog; path = Assets.xcassets; sourceTree = "<group>"; };
		689AEB8725B34A4F00339F0E /* Base */ = {isa = PBXFileReference; lastKnownFileType = file.storyboard; name = Base; path = Base.lproj/LaunchScreen.storyboard; sourceTree = "<group>"; };
		689AEB8925B34A4F00339F0E /* Info.plist */ = {isa = PBXFileReference; lastKnownFileType = text.plist.xml; path = Info.plist; sourceTree = "<group>"; };
		689AEB9025B353DC00339F0E /* Home.swift */ = {isa = PBXFileReference; lastKnownFileType = sourcecode.swift; path = Home.swift; sourceTree = "<group>"; };
		689AEB9325B353F100339F0E /* Product.swift */ = {isa = PBXFileReference; lastKnownFileType = sourcecode.swift; path = Product.swift; sourceTree = "<group>"; };
		689AEB9625B3540100339F0E /* Settings.swift */ = {isa = PBXFileReference; lastKnownFileType = sourcecode.swift; path = Settings.swift; sourceTree = "<group>"; };
		7CE03C57E4414FAF54A8150B /* Pods-day-7.debug.xcconfig */ = {isa = PBXFileReference; includeInIndex = 1; lastKnownFileType = text.xcconfig; name = "Pods-day-7.debug.xcconfig"; path = "Target Support Files/Pods-day-7/Pods-day-7.debug.xcconfig"; sourceTree = "<group>"; };
		9320F033303E7FC5EE5D8274 /* Pods-day-7.release.xcconfig */ = {isa = PBXFileReference; includeInIndex = 1; lastKnownFileType = text.xcconfig; name = "Pods-day-7.release.xcconfig"; path = "Target Support Files/Pods-day-7/Pods-day-7.release.xcconfig"; sourceTree = "<group>"; };
/* End PBXFileReference section */

/* Begin PBXFrameworksBuildPhase section */
		689AEB7525B34A4A00339F0E /* Frameworks */ = {
			isa = PBXFrameworksBuildPhase;
			buildActionMask = 2147483647;
			files = (
				24E5C08234C95007B2347B05 /* Pods_day_7.framework in Frameworks */,
			);
			runOnlyForDeploymentPostprocessing = 0;
		};
/* End PBXFrameworksBuildPhase section */

/* Begin PBXGroup section */
		0CFE68111E64929F00D97A3C /* Pods */ = {
			isa = PBXGroup;
			children = (
				7CE03C57E4414FAF54A8150B /* Pods-day-7.debug.xcconfig */,
				9320F033303E7FC5EE5D8274 /* Pods-day-7.release.xcconfig */,
			);
			name = Pods;
			path = Pods;
			sourceTree = "<group>";
		};
		689AEB6F25B34A4A00339F0E = {
			isa = PBXGroup;
			children = (
				689AEB7A25B34A4A00339F0E /* day-7 */,
				689AEB7925B34A4A00339F0E /* Products */,
				0CFE68111E64929F00D97A3C /* Pods */,
				E68BF0DFF681D931585B00B3 /* Frameworks */,
			);
			sourceTree = "<group>";
		};
		689AEB7925B34A4A00339F0E /* Products */ = {
			isa = PBXGroup;
			children = (
				689AEB7825B34A4A00339F0E /* day-7.app */,
			);
			name = Products;
			sourceTree = "<group>";
		};
		689AEB7A25B34A4A00339F0E /* day-7 */ = {
			isa = PBXGroup;
			children = (
				689AEB7B25B34A4A00339F0E /* AppDelegate.swift */,
				689AEB7D25B34A4A00339F0E /* SceneDelegate.swift */,
				689AEB7F25B34A4A00339F0E /* ViewController.swift */,
				689AEB8125B34A4B00339F0E /* Main.storyboard */,
				689AEB8425B34A4F00339F0E /* Assets.xcassets */,
				689AEB8625B34A4F00339F0E /* LaunchScreen.storyboard */,
				689AEB8925B34A4F00339F0E /* Info.plist */,
				689AEB9025B353DC00339F0E /* Home.swift */,
				689AEB9325B353F100339F0E /* Product.swift */,
				689AEB9625B3540100339F0E /* Settings.swift */,
			);
			path = "day-7";
			sourceTree = "<group>";
		};
		E68BF0DFF681D931585B00B3 /* Frameworks */ = {
			isa = PBXGroup;
			children = (
				1E941A754CC087A5273D171B /* Pods_day_7.framework */,
			);
			name = Frameworks;
			sourceTree = "<group>";
		};
/* End PBXGroup section */

/* Begin PBXNativeTarget section */
		689AEB7725B34A4A00339F0E /* day-7 */ = {
			isa = PBXNativeTarget;
			buildConfigurationList = 689AEB8C25B34A4F00339F0E /* Build configuration list for PBXNativeTarget "day-7" */;
			buildPhases = (
				A7B5885A7DA9C6C1CBF7CE71 /* [CP] Check Pods Manifest.lock */,
				689AEB7425B34A4A00339F0E /* Sources */,
				689AEB7525B34A4A00339F0E /* Frameworks */,
				689AEB7625B34A4A00339F0E /* Resources */,
				96072C79470C0776A3708368 /* [CP] Embed Pods Frameworks */,
			);
			buildRules = (
			);
			dependencies = (
			);
			name = "day-7";
			productName = "day-7";
			productReference = 689AEB7825B34A4A00339F0E /* day-7.app */;
			productType = "com.apple.product-type.application";
		};
/* End PBXNativeTarget section */

/* Begin PBXProject section */
		689AEB7025B34A4A00339F0E /* Project object */ = {
			isa = PBXProject;
			attributes = {
				LastSwiftUpdateCheck = 1230;
				LastUpgradeCheck = 1230;
				TargetAttributes = {
					689AEB7725B34A4A00339F0E = {
						CreatedOnToolsVersion = 12.3;
					};
				};
			};
			buildConfigurationList = 689AEB7325B34A4A00339F0E /* Build configuration list for PBXProject "day-7" */;
			compatibilityVersion = "Xcode 9.3";
			developmentRegion = en;
			hasScannedForEncodings = 0;
			knownRegions = (
				en,
				Base,
			);
			mainGroup = 689AEB6F25B34A4A00339F0E;
			productRefGroup = 689AEB7925B34A4A00339F0E /* Products */;
			projectDirPath = "";
			projectRoot = "";
			targets = (
				689AEB7725B34A4A00339F0E /* day-7 */,
			);
		};
/* End PBXProject section */

/* Begin PBXResourcesBuildPhase section */
		689AEB7625B34A4A00339F0E /* Resources */ = {
			isa = PBXResourcesBuildPhase;
			buildActionMask = 2147483647;
			files = (
				689AEB8825B34A4F00339F0E /* LaunchScreen.storyboard in Resources */,
				689AEB8525B34A4F00339F0E /* Assets.xcassets in Resources */,
				689AEB8325B34A4B00339F0E /* Main.storyboard in Resources */,
			);
			runOnlyForDeploymentPostprocessing = 0;
		};
/* End PBXResourcesBuildPhase section */

/* Begin PBXShellScriptBuildPhase section */
		96072C79470C0776A3708368 /* [CP] Embed Pods Frameworks */ = {
			isa = PBXShellScriptBuildPhase;
			buildActionMask = 2147483647;
			files = (
			);
			inputFileListPaths = (
				"${PODS_ROOT}/Target Support Files/Pods-day-7/Pods-day-7-frameworks-${CONFIGURATION}-input-files.xcfilelist",
			);
			name = "[CP] Embed Pods Frameworks";
			outputFileListPaths = (
				"${PODS_ROOT}/Target Support Files/Pods-day-7/Pods-day-7-frameworks-${CONFIGURATION}-output-files.xcfilelist",
			);
			runOnlyForDeploymentPostprocessing = 0;
			shellPath = /bin/sh;
			shellScript = "\"${PODS_ROOT}/Target Support Files/Pods-day-7/Pods-day-7-frameworks.sh\"\n";
			showEnvVarsInLog = 0;
		};
		A7B5885A7DA9C6C1CBF7CE71 /* [CP] Check Pods Manifest.lock */ = {
			isa = PBXShellScriptBuildPhase;
			buildActionMask = 2147483647;
			files = (
			);
			inputFileListPaths = (
			);
			inputPaths = (
				"${PODS_PODFILE_DIR_PATH}/Podfile.lock",
				"${PODS_ROOT}/Manifest.lock",
			);
			name = "[CP] Check Pods Manifest.lock";
			outputFileListPaths = (
			);
			outputPaths = (
				"$(DERIVED_FILE_DIR)/Pods-day-7-checkManifestLockResult.txt",
			);
			runOnlyForDeploymentPostprocessing = 0;
			shellPath = /bin/sh;
			shellScript = "diff \"${PODS_PODFILE_DIR_PATH}/Podfile.lock\" \"${PODS_ROOT}/Manifest.lock\" > /dev/null\nif [ $? != 0 ] ; then\n    # print error to STDERR\n    echo \"error: The sandbox is not in sync with the Podfile.lock. Run 'pod install' or update your CocoaPods installation.\" >&2\n    exit 1\nfi\n# This output is used by Xcode 'outputs' to avoid re-running this script phase.\necho \"SUCCESS\" > \"${SCRIPT_OUTPUT_FILE_0}\"\n";
			showEnvVarsInLog = 0;
		};
/* End PBXShellScriptBuildPhase section */

/* Begin PBXSourcesBuildPhase section */
		689AEB7425B34A4A00339F0E /* Sources */ = {
			isa = PBXSourcesBuildPhase;
			buildActionMask = 2147483647;
			files = (
				689AEB9725B3540100339F0E /* Settings.swift in Sources */,
				689AEB8025B34A4B00339F0E /* ViewController.swift in Sources */,
				689AEB7C25B34A4A00339F0E /* AppDelegate.swift in Sources */,
				689AEB9425B353F100339F0E /* Product.swift in Sources */,
				689AEB9125B353DC00339F0E /* Home.swift in Sources */,
				689AEB7E25B34A4A00339F0E /* SceneDelegate.swift in Sources */,
			);
			runOnlyForDeploymentPostprocessing = 0;
		};
/* End PBXSourcesBuildPhase section */

/* Begin PBXVariantGroup section */
		689AEB8125B34A4B00339F0E /* Main.storyboard */ = {
			isa = PBXVariantGroup;
			children = (
				689AEB8225B34A4B00339F0E /* Base */,
			);
			name = Main.storyboard;
			sourceTree = "<group>";
		};
		689AEB8625B34A4F00339F0E /* LaunchScreen.storyboard */ = {
			isa = PBXVariantGroup;
			children = (
				689AEB8725B34A4F00339F0E /* Base */,
			);
			name = LaunchScreen.storyboard;
			sourceTree = "<group>";
		};
/* End PBXVariantGroup section */

/* Begin XCBuildConfiguration section */
		689AEB8A25B34A4F00339F0E /* Debug */ = {
			isa = XCBuildConfiguration;
			buildSettings = {
				ALWAYS_SEARCH_USER_PATHS = NO;
				CLANG_ANALYZER_NONNULL = YES;
				CLANG_ANALYZER_NUMBER_OBJECT_CONVERSION = YES_AGGRESSIVE;
				CLANG_CXX_LANGUAGE_STANDARD = "gnu++14";
				CLANG_CXX_LIBRARY = "libc++";
				CLANG_ENABLE_MODULES = YES;
				CLANG_ENABLE_OBJC_ARC = YES;
				CLANG_ENABLE_OBJC_WEAK = YES;
				CLANG_WARN_BLOCK_CAPTURE_AUTORELEASING = YES;
				CLANG_WARN_BOOL_CONVERSION = YES;
				CLANG_WARN_COMMA = YES;
				CLANG_WARN_CONSTANT_CONVERSION = YES;
				CLANG_WARN_DEPRECATED_OBJC_IMPLEMENTATIONS = YES;
				CLANG_WARN_DIRECT_OBJC_ISA_USAGE = YES_ERROR;
				CLANG_WARN_DOCUMENTATION_COMMENTS = YES;
				CLANG_WARN_EMPTY_BODY = YES;
				CLANG_WARN_ENUM_CONVERSION = YES;
				CLANG_WARN_INFINITE_RECURSION = YES;
				CLANG_WARN_INT_CONVERSION = YES;
				CLANG_WARN_NON_LITERAL_NULL_CONVERSION = YES;
				CLANG_WARN_OBJC_IMPLICIT_RETAIN_SELF = YES;
				CLANG_WARN_OBJC_LITERAL_CONVERSION = YES;
				CLANG_WARN_OBJC_ROOT_CLASS = YES_ERROR;
				CLANG_WARN_QUOTED_INCLUDE_IN_FRAMEWORK_HEADER = YES;
				CLANG_WARN_RANGE_LOOP_ANALYSIS = YES;
				CLANG_WARN_STRICT_PROTOTYPES = YES;
				CLANG_WARN_SUSPICIOUS_MOVE = YES;
				CLANG_WARN_UNGUARDED_AVAILABILITY = YES_AGGRESSIVE;
				CLANG_WARN_UNREACHABLE_CODE = YES;
				CLANG_WARN__DUPLICATE_METHOD_MATCH = YES;
				COPY_PHASE_STRIP = NO;
				DEBUG_INFORMATION_FORMAT = dwarf;
				ENABLE_STRICT_OBJC_MSGSEND = YES;
				ENABLE_TESTABILITY = YES;
				GCC_C_LANGUAGE_STANDARD = gnu11;
				GCC_DYNAMIC_NO_PIC = NO;
				GCC_NO_COMMON_BLOCKS = YES;
				GCC_OPTIMIZATION_LEVEL = 0;
				GCC_PREPROCESSOR_DEFINITIONS = (
					"DEBUG=1",
					"$(inherited)",
				);
				GCC_WARN_64_TO_32_BIT_CONVERSION = YES;
				GCC_WARN_ABOUT_RETURN_TYPE = YES_ERROR;
				GCC_WARN_UNDECLARED_SELECTOR = YES;
				GCC_WARN_UNINITIALIZED_AUTOS = YES_AGGRESSIVE;
				GCC_WARN_UNUSED_FUNCTION = YES;
				GCC_WARN_UNUSED_VARIABLE = YES;
				IPHONEOS_DEPLOYMENT_TARGET = 14.3;
				MTL_ENABLE_DEBUG_INFO = INCLUDE_SOURCE;
				MTL_FAST_MATH = YES;
				ONLY_ACTIVE_ARCH = YES;
				SDKROOT = iphoneos;
				SWIFT_ACTIVE_COMPILATION_CONDITIONS = DEBUG;
				SWIFT_OPTIMIZATION_LEVEL = "-Onone";
			};
			name = Debug;
		};
		689AEB8B25B34A4F00339F0E /* Release */ = {
			isa = XCBuildConfiguration;
			buildSettings = {
				ALWAYS_SEARCH_USER_PATHS = NO;
				CLANG_ANALYZER_NONNULL = YES;
				CLANG_ANALYZER_NUMBER_OBJECT_CONVERSION = YES_AGGRESSIVE;
				CLANG_CXX_LANGUAGE_STANDARD = "gnu++14";
				CLANG_CXX_LIBRARY = "libc++";
				CLANG_ENABLE_MODULES = YES;
				CLANG_ENABLE_OBJC_ARC = YES;
				CLANG_ENABLE_OBJC_WEAK = YES;
				CLANG_WARN_BLOCK_CAPTURE_AUTORELEASING = YES;
				CLANG_WARN_BOOL_CONVERSION = YES;
				CLANG_WARN_COMMA = YES;
				CLANG_WARN_CONSTANT_CONVERSION = YES;
				CLANG_WARN_DEPRECATED_OBJC_IMPLEMENTATIONS = YES;
				CLANG_WARN_DIRECT_OBJC_ISA_USAGE = YES_ERROR;
				CLANG_WARN_DOCUMENTATION_COMMENTS = YES;
				CLANG_WARN_EMPTY_BODY = YES;
				CLANG_WARN_ENUM_CONVERSION = YES;
				CLANG_WARN_INFINITE_RECURSION = YES;
				CLANG_WARN_INT_CONVERSION = YES;
				CLANG_WARN_NON_LITERAL_NULL_CONVERSION = YES;
				CLANG_WARN_OBJC_IMPLICIT_RETAIN_SELF = YES;
				CLANG_WARN_OBJC_LITERAL_CONVERSION = YES;
				CLANG_WARN_OBJC_ROOT_CLASS = YES_ERROR;
				CLANG_WARN_QUOTED_INCLUDE_IN_FRAMEWORK_HEADER = YES;
				CLANG_WARN_RANGE_LOOP_ANALYSIS = YES;
				CLANG_WARN_STRICT_PROTOTYPES = YES;
				CLANG_WARN_SUSPICIOUS_MOVE = YES;
				CLANG_WARN_UNGUARDED_AVAILABILITY = YES_AGGRESSIVE;
				CLANG_WARN_UNREACHABLE_CODE = YES;
				CLANG_WARN__DUPLICATE_METHOD_MATCH = YES;
				COPY_PHASE_STRIP = NO;
				DEBUG_INFORMATION_FORMAT = "dwarf-with-dsym";
				ENABLE_NS_ASSERTIONS = NO;
				ENABLE_STRICT_OBJC_MSGSEND = YES;
				GCC_C_LANGUAGE_STANDARD = gnu11;
				GCC_NO_COMMON_BLOCKS = YES;
				GCC_WARN_64_TO_32_BIT_CONVERSION = YES;
				GCC_WARN_ABOUT_RETURN_TYPE = YES_ERROR;
				GCC_WARN_UNDECLARED_SELECTOR = YES;
				GCC_WARN_UNINITIALIZED_AUTOS = YES_AGGRESSIVE;
				GCC_WARN_UNUSED_FUNCTION = YES;
				GCC_WARN_UNUSED_VARIABLE = YES;
				IPHONEOS_DEPLOYMENT_TARGET = 14.3;
				MTL_ENABLE_DEBUG_INFO = NO;
				MTL_FAST_MATH = YES;
				SDKROOT = iphoneos;
				SWIFT_COMPILATION_MODE = wholemodule;
				SWIFT_OPTIMIZATION_LEVEL = "-O";
				VALIDATE_PRODUCT = YES;
			};
			name = Release;
		};
		689AEB8D25B34A4F00339F0E /* Debug */ = {
			isa = XCBuildConfiguration;
			baseConfigurationReference = 7CE03C57E4414FAF54A8150B /* Pods-day-7.debug.xcconfig */;
			buildSettings = {
				ASSETCATALOG_COMPILER_APPICON_NAME = AppIcon;
				ASSETCATALOG_COMPILER_GLOBAL_ACCENT_COLOR_NAME = AccentColor;
				CODE_SIGN_STYLE = Automatic;
				DEVELOPMENT_TEAM = 582JN59KB8;
				INFOPLIST_FILE = "day-7/Info.plist";
				LD_RUNPATH_SEARCH_PATHS = (
					"$(inherited)",
					"@executable_path/Frameworks",
				);
				PRODUCT_BUNDLE_IDENTIFIER = "com.works.day-7";
				PRODUCT_NAME = "$(TARGET_NAME)";
				SWIFT_VERSION = 5.0;
				TARGETED_DEVICE_FAMILY = "1,2";
			};
			name = Debug;
		};
		689AEB8E25B34A4F00339F0E /* Release */ = {
			isa = XCBuildConfiguration;
			baseConfigurationReference = 9320F033303E7FC5EE5D8274 /* Pods-day-7.release.xcconfig */;
			buildSettings = {
				ASSETCATALOG_COMPILER_APPICON_NAME = AppIcon;
				ASSETCATALOG_COMPILER_GLOBAL_ACCENT_COLOR_NAME = AccentColor;
				CODE_SIGN_STYLE = Automatic;
				DEVELOPMENT_TEAM = 582JN59KB8;
				INFOPLIST_FILE = "day-7/Info.plist";
				LD_RUNPATH_SEARCH_PATHS = (
					"$(inherited)",
					"@executable_path/Frameworks",
				);
				PRODUCT_BUNDLE_IDENTIFIER = "com.works.day-7";
				PRODUCT_NAME = "$(TARGET_NAME)";
				SWIFT_VERSION = 5.0;
				TARGETED_DEVICE_FAMILY = "1,2";
			};
			name = Release;
		};
/* End XCBuildConfiguration section */

/* Begin XCConfigurationList section */
		689AEB7325B34A4A00339F0E /* Build configuration list for PBXProject "day-7" */ = {
			isa = XCConfigurationList;
			buildConfigurations = (
				689AEB8A25B34A4F00339F0E /* Debug */,
				689AEB8B25B34A4F00339F0E /* Release */,
			);
			defaultConfigurationIsVisible = 0;
			defaultConfigurationName = Release;
		};
		689AEB8C25B34A4F00339F0E /* Build configuration list for PBXNativeTarget "day-7" */ = {
			isa = XCConfigurationList;
			buildConfigurations = (
				689AEB8D25B34A4F00339F0E /* Debug */,
				689AEB8E25B34A4F00339F0E /* Release */,
			);
			defaultConfigurationIsVisible = 0;
			defaultConfigurationName = Release;
		};
/* End XCConfigurationList section */
	};
	rootObject = 689AEB7025B34A4A00339F0E /* Project object */;
}
