PODS:
  - ProgressHUD (13.4)
  - TextFieldEffects (1.6.0)

DEPENDENCIES:
  - ProgressHUD
  - TextFieldEffects

SPEC REPOS:
  trunk:
    - ProgressHUD
    - TextFieldEffects

SPEC CHECKSUMS:
  ProgressHUD: 137a7fc677487c5581668f4490563124fb35c232
  TextFieldEffects: 529b8aff706fb40f82c41c780c0777941a893796

PODFILE CHECKSUM: 14484822bba31211fab9d8ab6de94d67fc8e53a1

COCOAPODS: 1.10.1
