// !$*UTF8*$!
{
	archiveVersion = 1;
	classes = {
	};
	objectVersion = 50;
	objects = {

/* Begin PBXBuildFile section */
		6833EFA025AC44F6008F195A /* AppDelegate.swift in Sources */ = {isa = PBXBuildFile; fileRef = 6833EF9F25AC44F6008F195A /* AppDelegate.swift */; };
		6833EFA225AC44F6008F195A /* SceneDelegate.swift in Sources */ = {isa = PBXBuildFile; fileRef = 6833EFA125AC44F6008F195A /* SceneDelegate.swift */; };
		6833EFA425AC44F6008F195A /* ViewController.swift in Sources */ = {isa = PBXBuildFile; fileRef = 6833EFA325AC44F6008F195A /* ViewController.swift */; };
		6833EFA725AC44F6008F195A /* Main.storyboard in Resources */ = {isa = PBXBuildFile; fileRef = 6833EFA525AC44F6008F195A /* Main.storyboard */; };
		6833EFA925AC44FA008F195A /* Assets.xcassets in Resources */ = {isa = PBXBuildFile; fileRef = 6833EFA825AC44FA008F195A /* Assets.xcassets */; };
		6833EFAC25AC44FA008F195A /* LaunchScreen.storyboard in Resources */ = {isa = PBXBuildFile; fileRef = 6833EFAA25AC44FA008F195A /* LaunchScreen.storyboard */; };
		685FC7CA25ADC95400BCD7CA /* Readme.md in Resources */ = {isa = PBXBuildFile; fileRef = 685FC7C925ADC95400BCD7CA /* Readme.md */; };
/* End PBXBuildFile section */

/* Begin PBXFileReference section */
		6833EF9C25AC44F6008F195A /* pioneer-project.app */ = {isa = PBXFileReference; explicitFileType = wrapper.application; includeInIndex = 0; path = "pioneer-project.app"; sourceTree = BUILT_PRODUCTS_DIR; };
		6833EF9F25AC44F6008F195A /* AppDelegate.swift */ = {isa = PBXFileReference; lastKnownFileType = sourcecode.swift; path = AppDelegate.swift; sourceTree = "<group>"; };
		6833EFA125AC44F6008F195A /* SceneDelegate.swift */ = {isa = PBXFileReference; lastKnownFileType = sourcecode.swift; path = SceneDelegate.swift; sourceTree = "<group>"; };
		6833EFA325AC44F6008F195A /* ViewController.swift */ = {isa = PBXFileReference; lastKnownFileType = sourcecode.swift; path = ViewController.swift; sourceTree = "<group>"; };
		6833EFA625AC44F6008F195A /* Base */ = {isa = PBXFileReference; lastKnownFileType = file.storyboard; name = Base; path = Base.lproj/Main.storyboard; sourceTree = "<group>"; };
		6833EFA825AC44FA008F195A /* Assets.xcassets */ = {isa = PBXFileReference; lastKnownFileType = folder.assetcatalog; path = Assets.xcassets; sourceTree = "<group>"; };
		6833EFAB25AC44FA008F195A /* Base */ = {isa = PBXFileReference; lastKnownFileType = file.storyboard; name = Base; path = Base.lproj/LaunchScreen.storyboard; sourceTree = "<group>"; };
		6833EFAD25AC44FA008F195A /* Info.plist */ = {isa = PBXFileReference; lastKnownFileType = text.plist.xml; path = Info.plist; sourceTree = "<group>"; };
		685FC7C925ADC95400BCD7CA /* Readme.md */ = {isa = PBXFileReference; lastKnownFileType = net.daringfireball.markdown; path = Readme.md; sourceTree = "<group>"; };
/* End PBXFileReference section */

/* Begin PBXFrameworksBuildPhase section */
		6833EF9925AC44F6008F195A /* Frameworks */ = {
			isa = PBXFrameworksBuildPhase;
			buildActionMask = 2147483647;
			files = (
			);
			runOnlyForDeploymentPostprocessing = 0;
		};
/* End PBXFrameworksBuildPhase section */

/* Begin PBXGroup section */
		6833EF9325AC44F6008F195A = {
			isa = PBXGroup;
			children = (
				685FC7C925ADC95400BCD7CA /* Readme.md */,
				6833EF9E25AC44F6008F195A /* pioneer-project */,
				6833EF9D25AC44F6008F195A /* Products */,
			);
			sourceTree = "<group>";
		};
		6833EF9D25AC44F6008F195A /* Products */ = {
			isa = PBXGroup;
			children = (
				6833EF9C25AC44F6008F195A /* pioneer-project.app */,
			);
			name = Products;
			sourceTree = "<group>";
		};
		6833EF9E25AC44F6008F195A /* pioneer-project */ = {
			isa = PBXGroup;
			children = (
				6833EF9F25AC44F6008F195A /* AppDelegate.swift */,
				6833EFA125AC44F6008F195A /* SceneDelegate.swift */,
				6833EFA325AC44F6008F195A /* ViewController.swift */,
				6833EFA525AC44F6008F195A /* Main.storyboard */,
				6833EFA825AC44FA008F195A /* Assets.xcassets */,
				6833EFAA25AC44FA008F195A /* LaunchScreen.storyboard */,
				6833EFAD25AC44FA008F195A /* Info.plist */,
			);
			path = "pioneer-project";
			sourceTree = "<group>";
		};
/* End PBXGroup section */

/* Begin PBXNativeTarget section */
		6833EF9B25AC44F6008F195A /* pioneer-project */ = {
			isa = PBXNativeTarget;
			buildConfigurationList = 6833EFB025AC44FA008F195A /* Build configuration list for PBXNativeTarget "pioneer-project" */;
			buildPhases = (
				6833EF9825AC44F6008F195A /* Sources */,
				6833EF9925AC44F6008F195A /* Frameworks */,
				6833EF9A25AC44F6008F195A /* Resources */,
			);
			buildRules = (
			);
			dependencies = (
			);
			name = "pioneer-project";
			productName = "pioneer-project";
			productReference = 6833EF9C25AC44F6008F195A /* pioneer-project.app */;
			productType = "com.apple.product-type.application";
		};
/* End PBXNativeTarget section */

/* Begin PBXProject section */
		6833EF9425AC44F6008F195A /* Project object */ = {
			isa = PBXProject;
			attributes = {
				LastSwiftUpdateCheck = 1230;
				LastUpgradeCheck = 1230;
				TargetAttributes = {
					6833EF9B25AC44F6008F195A = {
						CreatedOnToolsVersion = 12.3;
					};
				};
			};
			buildConfigurationList = 6833EF9725AC44F6008F195A /* Build configuration list for PBXProject "pioneer-project" */;
			compatibilityVersion = "Xcode 9.3";
			developmentRegion = en;
			hasScannedForEncodings = 0;
			knownRegions = (
				en,
				Base,
			);
			mainGroup = 6833EF9325AC44F6008F195A;
			productRefGroup = 6833EF9D25AC44F6008F195A /* Products */;
			projectDirPath = "";
			projectRoot = "";
			targets = (
				6833EF9B25AC44F6008F195A /* pioneer-project */,
			);
		};
/* End PBXProject section */

/* Begin PBXResourcesBuildPhase section */
		6833EF9A25AC44F6008F195A /* Resources */ = {
			isa = PBXResourcesBuildPhase;
			buildActionMask = 2147483647;
			files = (
				685FC7CA25ADC95400BCD7CA /* Readme.md in Resources */,
				6833EFAC25AC44FA008F195A /* LaunchScreen.storyboard in Resources */,
				6833EFA925AC44FA008F195A /* Assets.xcassets in Resources */,
				6833EFA725AC44F6008F195A /* Main.storyboard in Resources */,
			);
			runOnlyForDeploymentPostprocessing = 0;
		};
/* End PBXResourcesBuildPhase section */

/* Begin PBXSourcesBuildPhase section */
		6833EF9825AC44F6008F195A /* Sources */ = {
			isa = PBXSourcesBuildPhase;
			buildActionMask = 2147483647;
			files = (
				6833EFA425AC44F6008F195A /* ViewController.swift in Sources */,
				6833EFA025AC44F6008F195A /* AppDelegate.swift in Sources */,
				6833EFA225AC44F6008F195A /* SceneDelegate.swift in Sources */,
			);
			runOnlyForDeploymentPostprocessing = 0;
		};
/* End PBXSourcesBuildPhase section */

/* Begin PBXVariantGroup section */
		6833EFA525AC44F6008F195A /* Main.storyboard */ = {
			isa = PBXVariantGroup;
			children = (
				6833EFA625AC44F6008F195A /* Base */,
			);
			name = Main.storyboard;
			sourceTree = "<group>";
		};
		6833EFAA25AC44FA008F195A /* LaunchScreen.storyboard */ = {
			isa = PBXVariantGroup;
			children = (
				6833EFAB25AC44FA008F195A /* Base */,
			);
			name = LaunchScreen.storyboard;
			sourceTree = "<group>";
		};
/* End PBXVariantGroup section */

/* Begin XCBuildConfiguration section */
		6833EFAE25AC44FA008F195A /* Debug */ = {
			isa = XCBuildConfiguration;
			buildSettings = {
				ALWAYS_SEARCH_USER_PATHS = NO;
				CLANG_ANALYZER_NONNULL = YES;
				CLANG_ANALYZER_NUMBER_OBJECT_CONVERSION = YES_AGGRESSIVE;
				CLANG_CXX_LANGUAGE_STANDARD = "gnu++14";
				CLANG_CXX_LIBRARY = "libc++";
				CLANG_ENABLE_MODULES = YES;
				CLANG_ENABLE_OBJC_ARC = YES;
				CLANG_ENABLE_OBJC_WEAK = YES;
				CLANG_WARN_BLOCK_CAPTURE_AUTORELEASING = YES;
				CLANG_WARN_BOOL_CONVERSION = YES;
				CLANG_WARN_COMMA = YES;
				CLANG_WARN_CONSTANT_CONVERSION = YES;
				CLANG_WARN_DEPRECATED_OBJC_IMPLEMENTATIONS = YES;
				CLANG_WARN_DIRECT_OBJC_ISA_USAGE = YES_ERROR;
				CLANG_WARN_DOCUMENTATION_COMMENTS = YES;
				CLANG_WARN_EMPTY_BODY = YES;
				CLANG_WARN_ENUM_CONVERSION = YES;
				CLANG_WARN_INFINITE_RECURSION = YES;
				CLANG_WARN_INT_CONVERSION = YES;
				CLANG_WARN_NON_LITERAL_NULL_CONVERSION = YES;
				CLANG_WARN_OBJC_IMPLICIT_RETAIN_SELF = YES;
				CLANG_WARN_OBJC_LITERAL_CONVERSION = YES;
				CLANG_WARN_OBJC_ROOT_CLASS = YES_ERROR;
				CLANG_WARN_QUOTED_INCLUDE_IN_FRAMEWORK_HEADER = YES;
				CLANG_WARN_RANGE_LOOP_ANALYSIS = YES;
				CLANG_WARN_STRICT_PROTOTYPES = YES;
				CLANG_WARN_SUSPICIOUS_MOVE = YES;
				CLANG_WARN_UNGUARDED_AVAILABILITY = YES_AGGRESSIVE;
				CLANG_WARN_UNREACHABLE_CODE = YES;
				CLANG_WARN__DUPLICATE_METHOD_MATCH = YES;
				COPY_PHASE_STRIP = NO;
				DEBUG_INFORMATION_FORMAT = dwarf;
				ENABLE_STRICT_OBJC_MSGSEND = YES;
				ENABLE_TESTABILITY = YES;
				GCC_C_LANGUAGE_STANDARD = gnu11;
				GCC_DYNAMIC_NO_PIC = NO;
				GCC_NO_COMMON_BLOCKS = YES;
				GCC_OPTIMIZATION_LEVEL = 0;
				GCC_PREPROCESSOR_DEFINITIONS = (
					"DEBUG=1",
					"$(inherited)",
				);
				GCC_WARN_64_TO_32_BIT_CONVERSION = YES;
				GCC_WARN_ABOUT_RETURN_TYPE = YES_ERROR;
				GCC_WARN_UNDECLARED_SELECTOR = YES;
				GCC_WARN_UNINITIALIZED_AUTOS = YES_AGGRESSIVE;
				GCC_WARN_UNUSED_FUNCTION = YES;
				GCC_WARN_UNUSED_VARIABLE = YES;
				IPHONEOS_DEPLOYMENT_TARGET = 14.3;
				MTL_ENABLE_DEBUG_INFO = INCLUDE_SOURCE;
				MTL_FAST_MATH = YES;
				ONLY_ACTIVE_ARCH = YES;
				SDKROOT = iphoneos;
				SWIFT_ACTIVE_COMPILATION_CONDITIONS = DEBUG;
				SWIFT_OPTIMIZATION_LEVEL = "-Onone";
			};
			name = Debug;
		};
		6833EFAF25AC44FA008F195A /* Release */ = {
			isa = XCBuildConfiguration;
			buildSettings = {
				ALWAYS_SEARCH_USER_PATHS = NO;
				CLANG_ANALYZER_NONNULL = YES;
				CLANG_ANALYZER_NUMBER_OBJECT_CONVERSION = YES_AGGRESSIVE;
				CLANG_CXX_LANGUAGE_STANDARD = "gnu++14";
				CLANG_CXX_LIBRARY = "libc++";
				CLANG_ENABLE_MODULES = YES;
				CLANG_ENABLE_OBJC_ARC = YES;
				CLANG_ENABLE_OBJC_WEAK = YES;
				CLANG_WARN_BLOCK_CAPTURE_AUTORELEASING = YES;
				CLANG_WARN_BOOL_CONVERSION = YES;
				CLANG_WARN_COMMA = YES;
				CLANG_WARN_CONSTANT_CONVERSION = YES;
				CLANG_WARN_DEPRECATED_OBJC_IMPLEMENTATIONS = YES;
				CLANG_WARN_DIRECT_OBJC_ISA_USAGE = YES_ERROR;
				CLANG_WARN_DOCUMENTATION_COMMENTS = YES;
				CLANG_WARN_EMPTY_BODY = YES;
				CLANG_WARN_ENUM_CONVERSION = YES;
				CLANG_WARN_INFINITE_RECURSION = YES;
				CLANG_WARN_INT_CONVERSION = YES;
				CLANG_WARN_NON_LITERAL_NULL_CONVERSION = YES;
				CLANG_WARN_OBJC_IMPLICIT_RETAIN_SELF = YES;
				CLANG_WARN_OBJC_LITERAL_CONVERSION = YES;
				CLANG_WARN_OBJC_ROOT_CLASS = YES_ERROR;
				CLANG_WARN_QUOTED_INCLUDE_IN_FRAMEWORK_HEADER = YES;
				CLANG_WARN_RANGE_LOOP_ANALYSIS = YES;
				CLANG_WARN_STRICT_PROTOTYPES = YES;
				CLANG_WARN_SUSPICIOUS_MOVE = YES;
				CLANG_WARN_UNGUARDED_AVAILABILITY = YES_AGGRESSIVE;
				CLANG_WARN_UNREACHABLE_CODE = YES;
				CLANG_WARN__DUPLICATE_METHOD_MATCH = YES;
				COPY_PHASE_STRIP = NO;
				DEBUG_INFORMATION_FORMAT = "dwarf-with-dsym";
				ENABLE_NS_ASSERTIONS = NO;
				ENABLE_STRICT_OBJC_MSGSEND = YES;
				GCC_C_LANGUAGE_STANDARD = gnu11;
				GCC_NO_COMMON_BLOCKS = YES;
				GCC_WARN_64_TO_32_BIT_CONVERSION = YES;
				GCC_WARN_ABOUT_RETURN_TYPE = YES_ERROR;
				GCC_WARN_UNDECLARED_SELECTOR = YES;
				GCC_WARN_UNINITIALIZED_AUTOS = YES_AGGRESSIVE;
				GCC_WARN_UNUSED_FUNCTION = YES;
				GCC_WARN_UNUSED_VARIABLE = YES;
				IPHONEOS_DEPLOYMENT_TARGET = 14.3;
				MTL_ENABLE_DEBUG_INFO = NO;
				MTL_FAST_MATH = YES;
				SDKROOT = iphoneos;
				SWIFT_COMPILATION_MODE = wholemodule;
				SWIFT_OPTIMIZATION_LEVEL = "-O";
				VALIDATE_PRODUCT = YES;
			};
			name = Release;
		};
		6833EFB125AC44FA008F195A /* Debug */ = {
			isa = XCBuildConfiguration;
			buildSettings = {
				ASSETCATALOG_COMPILER_APPICON_NAME = AppIcon;
				ASSETCATALOG_COMPILER_GLOBAL_ACCENT_COLOR_NAME = AccentColor;
				CODE_SIGN_STYLE = Automatic;
				DEVELOPMENT_TEAM = 582JN59KB8;
				INFOPLIST_FILE = "pioneer-project/Info.plist";
				LD_RUNPATH_SEARCH_PATHS = (
					"$(inherited)",
					"@executable_path/Frameworks",
				);
				PRODUCT_BUNDLE_IDENTIFIER = "com.works.pioneer-project";
				PRODUCT_NAME = "$(TARGET_NAME)";
				SWIFT_VERSION = 5.0;
				TARGETED_DEVICE_FAMILY = 1;
			};
			name = Debug;
		};
		6833EFB225AC44FA008F195A /* Release */ = {
			isa = XCBuildConfiguration;
			buildSettings = {
				ASSETCATALOG_COMPILER_APPICON_NAME = AppIcon;
				ASSETCATALOG_COMPILER_GLOBAL_ACCENT_COLOR_NAME = AccentColor;
				CODE_SIGN_STYLE = Automatic;
				DEVELOPMENT_TEAM = 582JN59KB8;
				INFOPLIST_FILE = "pioneer-project/Info.plist";
				LD_RUNPATH_SEARCH_PATHS = (
					"$(inherited)",
					"@executable_path/Frameworks",
				);
				PRODUCT_BUNDLE_IDENTIFIER = "com.works.pioneer-project";
				PRODUCT_NAME = "$(TARGET_NAME)";
				SWIFT_VERSION = 5.0;
				TARGETED_DEVICE_FAMILY = 1;
			};
			name = Release;
		};
/* End XCBuildConfiguration section */

/* Begin XCConfigurationList section */
		6833EF9725AC44F6008F195A /* Build configuration list for PBXProject "pioneer-project" */ = {
			isa = XCConfigurationList;
			buildConfigurations = (
				6833EFAE25AC44FA008F195A /* Debug */,
				6833EFAF25AC44FA008F195A /* Release */,
			);
			defaultConfigurationIsVisible = 0;
			defaultConfigurationName = Release;
		};
		6833EFB025AC44FA008F195A /* Build configuration list for PBXNativeTarget "pioneer-project" */ = {
			isa = XCConfigurationList;
			buildConfigurations = (
				6833EFB125AC44FA008F195A /* Debug */,
				6833EFB225AC44FA008F195A /* Release */,
			);
			defaultConfigurationIsVisible = 0;
			defaultConfigurationName = Release;
		};
/* End XCConfigurationList section */
	};
	rootObject = 6833EF9425AC44F6008F195A /* Project object */;
}
